// !$*UTF8*$!
{
	archiveVersion = 1;
	classes = {
	};
	objectVersion = 56;
	objects = {

/* Begin PBXBuildFile section */
		1D4C91A1BB0E6482C90F8409 /* TextureManager.swift in Sources */ = {isa = PBXBuildFile; fileRef = 1D4C90DF1667A67D60E9982C /* TextureManager.swift */; };
		1D4C9204156B63FCCF4AA196 /* MetalViewController.swift in Sources */ = {isa = PBXBuildFile; fileRef = 1D4C93999731916B97F066B8 /* MetalViewController.swift */; };
		1D4C920A9890E3205F99EC5C /* SceneDelegate.swift in Sources */ = {isa = PBXBuildFile; fileRef = 1D4C90F2C77C63749C3F2A2E /* SceneDelegate.swift */; };
		1D4C92257B06EDBFBBBFCC37 /* KernelViewController.swift in Sources */ = {isa = PBXBuildFile; fileRef = 1D4C9E57C965F52A42C0A316 /* KernelViewController.swift */; };
		1D4C9731C6A660BBC7FDD47D /* AppDelegate.swift in Sources */ = {isa = PBXBuildFile; fileRef = 1D4C928F83C33279274DF56C /* AppDelegate.swift */; };
		1D4C9751E888EB5621B63756 /* TransitionMask.metal in Sources */ = {isa = PBXBuildFile; fileRef = 1D4C910B13B400D700B801BA /* TransitionMask.metal */; };
		1D4C9785AF7F9148940BD8E6 /* ListViewController.swift in Sources */ = {isa = PBXBuildFile; fileRef = 1D4C9A1BFC9AE9E14BC51A0C /* ListViewController.swift */; };
		1D4C9818F25891CC4EDFA88A /* MainViewController.swift in Sources */ = {isa = PBXBuildFile; fileRef = 1D4C96B10F1D81786B94352E /* MainViewController.swift */; };
		1D4C9DBE7D8336E423375A84 /* UIImageExtension.swift in Sources */ = {isa = PBXBuildFile; fileRef = 1D4C9C96065691058008C691 /* UIImageExtension.swift */; };
		1D4C9F553B26659193EA450A /* TransitionSimple.metal in Sources */ = {isa = PBXBuildFile; fileRef = 1D4C9B34E8E2EE2D50EFA9E0 /* TransitionSimple.metal */; };
		8A486A61292B1BA90042D1A4 /* Model.metal in Sources */ = {isa = PBXBuildFile; fileRef = 8A486A60292B1BA90042D1A4 /* Model.metal */; };
		8A5456B9291DF81300F47F14 /* SimpleShaderRender.metal in Sources */ = {isa = PBXBuildFile; fileRef = 8A5456B8291DF81300F47F14 /* SimpleShaderRender.metal */; };
		8A978A67291DDF1800161DE3 /* Assets.xcassets in Resources */ = {isa = PBXBuildFile; fileRef = 8A978A66291DDF1800161DE3 /* Assets.xcassets */; };
		8AB1BA94292C9990006B3D4D /* TransitionSplit.metal in Sources */ = {isa = PBXBuildFile; fileRef = 8AB1BA93292C9990006B3D4D /* TransitionSplit.metal */; };
		8ABC6D2A292DF350005F46FE /* TransitionCamera.metal in Sources */ = {isa = PBXBuildFile; fileRef = 8ABC6D29292DF350005F46FE /* TransitionCamera.metal */; };
		8AEE55332921D0CF00BB4873 /* RxCocoa in Frameworks */ = {isa = PBXBuildFile; productRef = 8AEE55322921D0CF00BB4873 /* RxCocoa */; };
		8AEE55352921D0CF00BB4873 /* RxSwift in Frameworks */ = {isa = PBXBuildFile; productRef = 8AEE55342921D0CF00BB4873 /* RxSwift */; };
		8AF4233A29247D7900974405 /* SnapKit in Frameworks */ = {isa = PBXBuildFile; productRef = 8AF4233929247D7900974405 /* SnapKit */; };
/* End PBXBuildFile section */

/* Begin PBXFileReference section */
		1D4C90DF1667A67D60E9982C /* TextureManager.swift */ = {isa = PBXFileReference; fileEncoding = 4; lastKnownFileType = sourcecode.swift; path = TextureManager.swift; sourceTree = "<group>"; };
		1D4C90F2C77C63749C3F2A2E /* SceneDelegate.swift */ = {isa = PBXFileReference; fileEncoding = 4; lastKnownFileType = sourcecode.swift; path = SceneDelegate.swift; sourceTree = "<group>"; };
		1D4C910B13B400D700B801BA /* TransitionMask.metal */ = {isa = PBXFileReference; fileEncoding = 4; lastKnownFileType = sourcecode.metal; path = TransitionMask.metal; sourceTree = "<group>"; };
		1D4C928F83C33279274DF56C /* AppDelegate.swift */ = {isa = PBXFileReference; fileEncoding = 4; lastKnownFileType = sourcecode.swift; path = AppDelegate.swift; sourceTree = "<group>"; };
		1D4C93999731916B97F066B8 /* MetalViewController.swift */ = {isa = PBXFileReference; fileEncoding = 4; lastKnownFileType = sourcecode.swift; path = MetalViewController.swift; sourceTree = "<group>"; };
		1D4C95B476BEA42A2D6779DE /* Info.plist */ = {isa = PBXFileReference; fileEncoding = 4; lastKnownFileType = text.plist.info; path = Info.plist; sourceTree = "<group>"; };
		1D4C96B10F1D81786B94352E /* MainViewController.swift */ = {isa = PBXFileReference; fileEncoding = 4; lastKnownFileType = sourcecode.swift; path = MainViewController.swift; sourceTree = "<group>"; };
		1D4C9A1BFC9AE9E14BC51A0C /* ListViewController.swift */ = {isa = PBXFileReference; fileEncoding = 4; lastKnownFileType = sourcecode.swift; path = ListViewController.swift; sourceTree = "<group>"; };
		1D4C9B34E8E2EE2D50EFA9E0 /* TransitionSimple.metal */ = {isa = PBXFileReference; fileEncoding = 4; lastKnownFileType = sourcecode.metal; path = TransitionSimple.metal; sourceTree = "<group>"; };
		1D4C9C96065691058008C691 /* UIImageExtension.swift */ = {isa = PBXFileReference; fileEncoding = 4; lastKnownFileType = sourcecode.swift; path = UIImageExtension.swift; sourceTree = "<group>"; };
		1D4C9E57C965F52A42C0A316 /* KernelViewController.swift */ = {isa = PBXFileReference; fileEncoding = 4; lastKnownFileType = sourcecode.swift; path = KernelViewController.swift; sourceTree = "<group>"; };
		8A486A60292B1BA90042D1A4 /* Model.metal */ = {isa = PBXFileReference; lastKnownFileType = sourcecode.metal; path = Model.metal; sourceTree = "<group>"; };
		8A5456B8291DF81300F47F14 /* SimpleShaderRender.metal */ = {isa = PBXFileReference; lastKnownFileType = sourcecode.metal; path = SimpleShaderRender.metal; sourceTree = "<group>"; };
		8A978A5A291DDF1500161DE3 /* MetalTest.app */ = {isa = PBXFileReference; explicitFileType = wrapper.application; includeInIndex = 0; path = MetalTest.app; sourceTree = BUILT_PRODUCTS_DIR; };
		8A978A66291DDF1800161DE3 /* Assets.xcassets */ = {isa = PBXFileReference; lastKnownFileType = folder.assetcatalog; path = Assets.xcassets; sourceTree = "<group>"; };
		8AB1BA93292C9990006B3D4D /* TransitionSplit.metal */ = {isa = PBXFileReference; lastKnownFileType = sourcecode.metal; path = TransitionSplit.metal; sourceTree = "<group>"; };
		8ABC6D29292DF350005F46FE /* TransitionCamera.metal */ = {isa = PBXFileReference; lastKnownFileType = sourcecode.metal; path = TransitionCamera.metal; sourceTree = "<group>"; };
/* End PBXFileReference section */

/* Begin PBXFrameworksBuildPhase section */
		8A978A57291DDF1500161DE3 /* Frameworks */ = {
			isa = PBXFrameworksBuildPhase;
			buildActionMask = 2147483647;
			files = (
				8AF4233A29247D7900974405 /* SnapKit in Frameworks */,
				8AEE55352921D0CF00BB4873 /* RxSwift in Frameworks */,
				8AEE55332921D0CF00BB4873 /* RxCocoa in Frameworks */,
			);
			runOnlyForDeploymentPostprocessing = 0;
		};
/* End PBXFrameworksBuildPhase section */

/* Begin PBXGroup section */
		1D4C988FCB9450FAEE42DB79 /* ViewController */ = {
			isa = PBXGroup;
			children = (
				1D4C96B10F1D81786B94352E /* MainViewController.swift */,
				1D4C9E57C965F52A42C0A316 /* KernelViewController.swift */,
				1D4C9A1BFC9AE9E14BC51A0C /* ListViewController.swift */,
			);
			path = ViewController;
			sourceTree = "<group>";
		};
		1D4C9E68DC84EB0267DE6F09 /* Util */ = {
			isa = PBXGroup;
			children = (
				1D4C9C96065691058008C691 /* UIImageExtension.swift */,
				1D4C90DF1667A67D60E9982C /* TextureManager.swift */,
				1D4C93999731916B97F066B8 /* MetalViewController.swift */,
			);
			path = Util;
			sourceTree = "<group>";
		};
		1D4C9F882A29D19F847882E5 /* System */ = {
			isa = PBXGroup;
			children = (
				1D4C90F2C77C63749C3F2A2E /* SceneDelegate.swift */,
				1D4C928F83C33279274DF56C /* AppDelegate.swift */,
			);
			path = System;
			sourceTree = "<group>";
		};
		8A392A1B2925CC3A0028123A /* Shader */ = {
			isa = PBXGroup;
			children = (
				1D4C9B34E8E2EE2D50EFA9E0 /* TransitionSimple.metal */,
				8A5456B8291DF81300F47F14 /* SimpleShaderRender.metal */,
				8A486A60292B1BA90042D1A4 /* Model.metal */,
				1D4C910B13B400D700B801BA /* TransitionMask.metal */,
				8AB1BA93292C9990006B3D4D /* TransitionSplit.metal */,
				8ABC6D29292DF350005F46FE /* TransitionCamera.metal */,
			);
			path = Shader;
			sourceTree = "<group>";
		};
		8A978A51291DDF1500161DE3 = {
			isa = PBXGroup;
			children = (
				8A978A5C291DDF1500161DE3 /* MetalTest */,
				8A978A5B291DDF1500161DE3 /* Products */,
			);
			sourceTree = "<group>";
		};
		8A978A5B291DDF1500161DE3 /* Products */ = {
			isa = PBXGroup;
			children = (
				8A978A5A291DDF1500161DE3 /* MetalTest.app */,
			);
			name = Products;
			sourceTree = "<group>";
		};
		8A978A5C291DDF1500161DE3 /* MetalTest */ = {
			isa = PBXGroup;
			children = (
				8A392A1B2925CC3A0028123A /* Shader */,
				8A978A66291DDF1800161DE3 /* Assets.xcassets */,
				1D4C9E68DC84EB0267DE6F09 /* Util */,
				1D4C988FCB9450FAEE42DB79 /* ViewController */,
				1D4C9F882A29D19F847882E5 /* System */,
				1D4C95B476BEA42A2D6779DE /* Info.plist */,
			);
			path = MetalTest;
			sourceTree = "<group>";
		};
/* End PBXGroup section */

/* Begin PBXNativeTarget section */
		8A978A59291DDF1500161DE3 /* MetalTest */ = {
			isa = PBXNativeTarget;
			buildConfigurationList = 8A978A6E291DDF1800161DE3 /* Build configuration list for PBXNativeTarget "MetalTest" */;
			buildPhases = (
				8A978A56291DDF1500161DE3 /* Sources */,
				8A978A57291DDF1500161DE3 /* Frameworks */,
				8A978A58291DDF1500161DE3 /* Resources */,
			);
			buildRules = (
			);
			dependencies = (
			);
			name = MetalTest;
			packageProductDependencies = (
				8AEE55322921D0CF00BB4873 /* RxCocoa */,
				8AEE55342921D0CF00BB4873 /* RxSwift */,
				8AF4233929247D7900974405 /* SnapKit */,
			);
			productName = MetalTest;
			productReference = 8A978A5A291DDF1500161DE3 /* MetalTest.app */;
			productType = "com.apple.product-type.application";
		};
/* End PBXNativeTarget section */

/* Begin PBXProject section */
		8A978A52291DDF1500161DE3 /* Project object */ = {
			isa = PBXProject;
			attributes = {
				BuildIndependentTargetsInParallel = 1;
				LastSwiftUpdateCheck = 1410;
				LastUpgradeCheck = 1410;
				TargetAttributes = {
					8A978A59291DDF1500161DE3 = {
						CreatedOnToolsVersion = 14.1;
					};
				};
			};
			buildConfigurationList = 8A978A55291DDF1500161DE3 /* Build configuration list for PBXProject "MetalTest" */;
			compatibilityVersion = "Xcode 14.0";
			developmentRegion = en;
			hasScannedForEncodings = 0;
			knownRegions = (
				en,
				Base,
			);
			mainGroup = 8A978A51291DDF1500161DE3;
			packageReferences = (
				8AEE55312921D0CF00BB4873 /* XCRemoteSwiftPackageReference "RxSwift" */,
				8AF4233829247D7900974405 /* XCRemoteSwiftPackageReference "SnapKit" */,
			);
			productRefGroup = 8A978A5B291DDF1500161DE3 /* Products */;
			projectDirPath = "";
			projectRoot = "";
			targets = (
				8A978A59291DDF1500161DE3 /* MetalTest */,
			);
		};
/* End PBXProject section */

/* Begin PBXResourcesBuildPhase section */
		8A978A58291DDF1500161DE3 /* Resources */ = {
			isa = PBXResourcesBuildPhase;
			buildActionMask = 2147483647;
			files = (
				8A978A67291DDF1800161DE3 /* Assets.xcassets in Resources */,
			);
			runOnlyForDeploymentPostprocessing = 0;
		};
/* End PBXResourcesBuildPhase section */

/* Begin PBXSourcesBuildPhase section */
		8A978A56291DDF1500161DE3 /* Sources */ = {
			isa = PBXSourcesBuildPhase;
			buildActionMask = 2147483647;
			files = (
				8A486A61292B1BA90042D1A4 /* Model.metal in Sources */,
				8A5456B9291DF81300F47F14 /* SimpleShaderRender.metal in Sources */,
				1D4C9DBE7D8336E423375A84 /* UIImageExtension.swift in Sources */,
				1D4C9818F25891CC4EDFA88A /* MainViewController.swift in Sources */,
				1D4C920A9890E3205F99EC5C /* SceneDelegate.swift in Sources */,
				1D4C9731C6A660BBC7FDD47D /* AppDelegate.swift in Sources */,
				8AB1BA94292C9990006B3D4D /* TransitionSplit.metal in Sources */,
				8ABC6D2A292DF350005F46FE /* TransitionCamera.metal in Sources */,
				1D4C92257B06EDBFBBBFCC37 /* KernelViewController.swift in Sources */,
				1D4C9F553B26659193EA450A /* TransitionSimple.metal in Sources */,
				1D4C91A1BB0E6482C90F8409 /* TextureManager.swift in Sources */,
				1D4C9204156B63FCCF4AA196 /* MetalViewController.swift in Sources */,
				1D4C9785AF7F9148940BD8E6 /* ListViewController.swift in Sources */,
				1D4C9751E888EB5621B63756 /* TransitionMask.metal in Sources */,
			);
			runOnlyForDeploymentPostprocessing = 0;
		};
/* End PBXSourcesBuildPhase section */

/* Begin XCBuildConfiguration section */
		8A978A6C291DDF1800161DE3 /* Debug */ = {
			isa = XCBuildConfiguration;
			buildSettings = {
				ALWAYS_SEARCH_USER_PATHS = NO;
				CLANG_ANALYZER_NONNULL = YES;
				CLANG_ANALYZER_NUMBER_OBJECT_CONVERSION = YES_AGGRESSIVE;
				CLANG_CXX_LANGUAGE_STANDARD = "gnu++20";
				CLANG_ENABLE_MODULES = YES;
				CLANG_ENABLE_OBJC_ARC = YES;
				CLANG_ENABLE_OBJC_WEAK = YES;
				CLANG_WARN_BLOCK_CAPTURE_AUTORELEASING = YES;
				CLANG_WARN_BOOL_CONVERSION = YES;
				CLANG_WARN_COMMA = YES;
				CLANG_WARN_CONSTANT_CONVERSION = YES;
				CLANG_WARN_DEPRECATED_OBJC_IMPLEMENTATIONS = YES;
				CLANG_WARN_DIRECT_OBJC_ISA_USAGE = YES_ERROR;
				CLANG_WARN_DOCUMENTATION_COMMENTS = YES;
				CLANG_WARN_EMPTY_BODY = YES;
				CLANG_WARN_ENUM_CONVERSION = YES;
				CLANG_WARN_INFINITE_RECURSION = YES;
				CLANG_WARN_INT_CONVERSION = YES;
				CLANG_WARN_NON_LITERAL_NULL_CONVERSION = YES;
				CLANG_WARN_OBJC_IMPLICIT_RETAIN_SELF = YES;
				CLANG_WARN_OBJC_LITERAL_CONVERSION = YES;
				CLANG_WARN_OBJC_ROOT_CLASS = YES_ERROR;
				CLANG_WARN_QUOTED_INCLUDE_IN_FRAMEWORK_HEADER = YES;
				CLANG_WARN_RANGE_LOOP_ANALYSIS = YES;
				CLANG_WARN_STRICT_PROTOTYPES = YES;
				CLANG_WARN_SUSPICIOUS_MOVE = YES;
				CLANG_WARN_UNGUARDED_AVAILABILITY = YES_AGGRESSIVE;
				CLANG_WARN_UNREACHABLE_CODE = YES;
				CLANG_WARN__DUPLICATE_METHOD_MATCH = YES;
				COPY_PHASE_STRIP = NO;
				DEBUG_INFORMATION_FORMAT = dwarf;
				ENABLE_STRICT_OBJC_MSGSEND = YES;
				ENABLE_TESTABILITY = YES;
				GCC_C_LANGUAGE_STANDARD = gnu11;
				GCC_DYNAMIC_NO_PIC = NO;
				GCC_NO_COMMON_BLOCKS = YES;
				GCC_OPTIMIZATION_LEVEL = 0;
				GCC_PREPROCESSOR_DEFINITIONS = (
					"DEBUG=1",
					"$(inherited)",
				);
				GCC_WARN_64_TO_32_BIT_CONVERSION = YES;
				GCC_WARN_ABOUT_RETURN_TYPE = YES_ERROR;
				GCC_WARN_UNDECLARED_SELECTOR = YES;
				GCC_WARN_UNINITIALIZED_AUTOS = YES_AGGRESSIVE;
				GCC_WARN_UNUSED_FUNCTION = YES;
				GCC_WARN_UNUSED_VARIABLE = YES;
				IPHONEOS_DEPLOYMENT_TARGET = 14.0;
				MTL_ENABLE_DEBUG_INFO = INCLUDE_SOURCE;
				MTL_FAST_MATH = YES;
				ONLY_ACTIVE_ARCH = YES;
				SDKROOT = iphoneos;
				SWIFT_ACTIVE_COMPILATION_CONDITIONS = DEBUG;
				SWIFT_OPTIMIZATION_LEVEL = "-Onone";
			};
			name = Debug;
		};
		8A978A6D291DDF1800161DE3 /* Release */ = {
			isa = XCBuildConfiguration;
			buildSettings = {
				ALWAYS_SEARCH_USER_PATHS = NO;
				CLANG_ANALYZER_NONNULL = YES;
				CLANG_ANALYZER_NUMBER_OBJECT_CONVERSION = YES_AGGRESSIVE;
				CLANG_CXX_LANGUAGE_STANDARD = "gnu++20";
				CLANG_ENABLE_MODULES = YES;
				CLANG_ENABLE_OBJC_ARC = YES;
				CLANG_ENABLE_OBJC_WEAK = YES;
				CLANG_WARN_BLOCK_CAPTURE_AUTORELEASING = YES;
				CLANG_WARN_BOOL_CONVERSION = YES;
				CLANG_WARN_COMMA = YES;
				CLANG_WARN_CONSTANT_CONVERSION = YES;
				CLANG_WARN_DEPRECATED_OBJC_IMPLEMENTATIONS = YES;
				CLANG_WARN_DIRECT_OBJC_ISA_USAGE = YES_ERROR;
				CLANG_WARN_DOCUMENTATION_COMMENTS = YES;
				CLANG_WARN_EMPTY_BODY = YES;
				CLANG_WARN_ENUM_CONVERSION = YES;
				CLANG_WARN_INFINITE_RECURSION = YES;
				CLANG_WARN_INT_CONVERSION = YES;
				CLANG_WARN_NON_LITERAL_NULL_CONVERSION = YES;
				CLANG_WARN_OBJC_IMPLICIT_RETAIN_SELF = YES;
				CLANG_WARN_OBJC_LITERAL_CONVERSION = YES;
				CLANG_WARN_OBJC_ROOT_CLASS = YES_ERROR;
				CLANG_WARN_QUOTED_INCLUDE_IN_FRAMEWORK_HEADER = YES;
				CLANG_WARN_RANGE_LOOP_ANALYSIS = YES;
				CLANG_WARN_STRICT_PROTOTYPES = YES;
				CLANG_WARN_SUSPICIOUS_MOVE = YES;
				CLANG_WARN_UNGUARDED_AVAILABILITY = YES_AGGRESSIVE;
				CLANG_WARN_UNREACHABLE_CODE = YES;
				CLANG_WARN__DUPLICATE_METHOD_MATCH = YES;
				COPY_PHASE_STRIP = NO;
				DEBUG_INFORMATION_FORMAT = "dwarf-with-dsym";
				ENABLE_NS_ASSERTIONS = NO;
				ENABLE_STRICT_OBJC_MSGSEND = YES;
				GCC_C_LANGUAGE_STANDARD = gnu11;
				GCC_NO_COMMON_BLOCKS = YES;
				GCC_WARN_64_TO_32_BIT_CONVERSION = YES;
				GCC_WARN_ABOUT_RETURN_TYPE = YES_ERROR;
				GCC_WARN_UNDECLARED_SELECTOR = YES;
				GCC_WARN_UNINITIALIZED_AUTOS = YES_AGGRESSIVE;
				GCC_WARN_UNUSED_FUNCTION = YES;
				GCC_WARN_UNUSED_VARIABLE = YES;
				IPHONEOS_DEPLOYMENT_TARGET = 14.0;
				MTL_ENABLE_DEBUG_INFO = NO;
				MTL_FAST_MATH = YES;
				SDKROOT = iphoneos;
				SWIFT_COMPILATION_MODE = wholemodule;
				SWIFT_OPTIMIZATION_LEVEL = "-O";
				VALIDATE_PRODUCT = YES;
			};
			name = Release;
		};
		8A978A6F291DDF1800161DE3 /* Debug */ = {
			isa = XCBuildConfiguration;
			buildSettings = {
				ASSETCATALOG_COMPILER_APPICON_NAME = AppIcon;
				ASSETCATALOG_COMPILER_GLOBAL_ACCENT_COLOR_NAME = AccentColor;
				CODE_SIGN_STYLE = Automatic;
				CURRENT_PROJECT_VERSION = 1;
				DEVELOPMENT_TEAM = 68LDDARFYB;
				GENERATE_INFOPLIST_FILE = YES;
				INFOPLIST_FILE = MetalTest/Info.plist;
				INFOPLIST_KEY_UIApplicationSupportsIndirectInputEvents = YES;
				INFOPLIST_KEY_UILaunchStoryboardName = LaunchScreen;
				INFOPLIST_KEY_UISupportedInterfaceOrientations = "UIInterfaceOrientationLandscapeLeft UIInterfaceOrientationLandscapeRight UIInterfaceOrientationPortrait";
				INFOPLIST_KEY_UISupportedInterfaceOrientations_iPad = "UIInterfaceOrientationLandscapeLeft UIInterfaceOrientationLandscapeRight UIInterfaceOrientationPortrait UIInterfaceOrientationPortraitUpsideDown";
				IPHONEOS_DEPLOYMENT_TARGET = 14.0;
				LD_RUNPATH_SEARCH_PATHS = (
					"$(inherited)",
					"@executable_path/Frameworks",
				);
				MARKETING_VERSION = 1.0;
				PRODUCT_BUNDLE_IDENTIFIER = com.yuedev.MetalTest;
				PRODUCT_NAME = "$(TARGET_NAME)";
				SWIFT_EMIT_LOC_STRINGS = YES;
				SWIFT_VERSION = 5.0;
				TARGETED_DEVICE_FAMILY = "1,2";
			};
			name = Debug;
		};
		8A978A70291DDF1800161DE3 /* Release */ = {
			isa = XCBuildConfiguration;
			buildSettings = {
				ASSETCATALOG_COMPILER_APPICON_NAME = AppIcon;
				ASSETCATALOG_COMPILER_GLOBAL_ACCENT_COLOR_NAME = AccentColor;
				CODE_SIGN_STYLE = Automatic;
				CURRENT_PROJECT_VERSION = 1;
				DEVELOPMENT_TEAM = 68LDDARFYB;
				GENERATE_INFOPLIST_FILE = YES;
				INFOPLIST_FILE = MetalTest/Info.plist;
				INFOPLIST_KEY_UIApplicationSupportsIndirectInputEvents = YES;
				INFOPLIST_KEY_UILaunchStoryboardName = LaunchScreen;
				INFOPLIST_KEY_UISupportedInterfaceOrientations = "UIInterfaceOrientationLandscapeLeft UIInterfaceOrientationLandscapeRight UIInterfaceOrientationPortrait";
				INFOPLIST_KEY_UISupportedInterfaceOrientations_iPad = "UIInterfaceOrientationLandscapeLeft UIInterfaceOrientationLandscapeRight UIInterfaceOrientationPortrait UIInterfaceOrientationPortraitUpsideDown";
				IPHONEOS_DEPLOYMENT_TARGET = 14.0;
				LD_RUNPATH_SEARCH_PATHS = (
					"$(inherited)",
					"@executable_path/Frameworks",
				);
				MARKETING_VERSION = 1.0;
				PRODUCT_BUNDLE_IDENTIFIER = com.yuedev.MetalTest;
				PRODUCT_NAME = "$(TARGET_NAME)";
				SWIFT_EMIT_LOC_STRINGS = YES;
				SWIFT_VERSION = 5.0;
				TARGETED_DEVICE_FAMILY = "1,2";
			};
			name = Release;
		};
/* End XCBuildConfiguration section */

/* Begin XCConfigurationList section */
		8A978A55291DDF1500161DE3 /* Build configuration list for PBXProject "MetalTest" */ = {
			isa = XCConfigurationList;
			buildConfigurations = (
				8A978A6C291DDF1800161DE3 /* Debug */,
				8A978A6D291DDF1800161DE3 /* Release */,
			);
			defaultConfigurationIsVisible = 0;
			defaultConfigurationName = Release;
		};
		8A978A6E291DDF1800161DE3 /* Build configuration list for PBXNativeTarget "MetalTest" */ = {
			isa = XCConfigurationList;
			buildConfigurations = (
				8A978A6F291DDF1800161DE3 /* Debug */,
				8A978A70291DDF1800161DE3 /* Release */,
			);
			defaultConfigurationIsVisible = 0;
			defaultConfigurationName = Release;
		};
/* End XCConfigurationList section */

/* Begin XCRemoteSwiftPackageReference section */
		8AEE55312921D0CF00BB4873 /* XCRemoteSwiftPackageReference "RxSwift" */ = {
			isa = XCRemoteSwiftPackageReference;
			repositoryURL = "https://github.com/ReactiveX/RxSwift.git";
			requirement = {
				kind = upToNextMajorVersion;
				minimumVersion = 6.0.0;
			};
		};
		8AF4233829247D7900974405 /* XCRemoteSwiftPackageReference "SnapKit" */ = {
			isa = XCRemoteSwiftPackageReference;
			repositoryURL = "https://github.com/SnapKit/SnapKit.git";
			requirement = {
				kind = upToNextMajorVersion;
				minimumVersion = 5.0.0;
			};
		};
/* End XCRemoteSwiftPackageReference section */

/* Begin XCSwiftPackageProductDependency section */
		8AEE55322921D0CF00BB4873 /* RxCocoa */ = {
			isa = XCSwiftPackageProductDependency;
			package = 8AEE55312921D0CF00BB4873 /* XCRemoteSwiftPackageReference "RxSwift" */;
			productName = RxCocoa;
		};
		8AEE55342921D0CF00BB4873 /* RxSwift */ = {
			isa = XCSwiftPackageProductDependency;
			package = 8AEE55312921D0CF00BB4873 /* XCRemoteSwiftPackageReference "RxSwift" */;
			productName = RxSwift;
		};
		8AF4233929247D7900974405 /* SnapKit */ = {
			isa = XCSwiftPackageProductDependency;
			package = 8AF4233829247D7900974405 /* XCRemoteSwiftPackageReference "SnapKit" */;
			productName = SnapKit;
		};
/* End XCSwiftPackageProductDependency section */
	};
	rootObject = 8A978A52291DDF1500161DE3 /* Project object */;
}
