// !$*UTF8*$!
{
	archiveVersion = 1;
	classes = {
	};
	objectVersion = 56;
	objects = {

/* Begin PBXBuildFile section */
		1D4C91C7931D0B9A8A2947B7 /* TransitionMask.metal in Sources */ = {isa = PBXBuildFile; fileRef = 1D4C9DB6B811F4C76B49C29F /* TransitionMask.metal */; };
		1D4C922E12A3224C00B138F1 /* TextureRender.metal in Sources */ = {isa = PBXBuildFile; fileRef = 1D4C93DBDCCFD497F0C6F9C1 /* TextureRender.metal */; };
		1D4C9294C5DE14808E2C9990 /* MetalMapView.swift in Sources */ = {isa = PBXBuildFile; fileRef = 1D4C9F75DF318974A77FD3E2 /* MetalMapView.swift */; };
		1D4C92D1B9BB82CE4D811F29 /* SimpleMetalView.swift in Sources */ = {isa = PBXBuildFile; fileRef = 1D4C9D85B182C39043B985C4 /* SimpleMetalView.swift */; };
		1D4C96A6B352E06499982795 /* TransitionCamera.metal in Sources */ = {isa = PBXBuildFile; fileRef = 1D4C926FB2CA9DD413C52D19 /* TransitionCamera.metal */; };
		1D4C9703A4407D2EB06D5549 /* TextureManager.swift in Sources */ = {isa = PBXBuildFile; fileRef = 1D4C95C6B500A9F527814403 /* TextureManager.swift */; };
		1D4C9741AF01D714DAC06499 /* MetalTextureView.swift in Sources */ = {isa = PBXBuildFile; fileRef = 1D4C9E6A97DEB7B20756D244 /* MetalTextureView.swift */; };
		1D4C979F985BF4FCD7072A44 /* TransitionGL.metal in Sources */ = {isa = PBXBuildFile; fileRef = 1D4C9413D93A868CD09D1ECC /* TransitionGL.metal */; };
		1D4C986DF703F35E56E98FE6 /* Model.metal in Sources */ = {isa = PBXBuildFile; fileRef = 1D4C9AE60696AA5C009595D5 /* Model.metal */; };
		1D4C98D6601100321D70850D /* Transition3D.metal in Sources */ = {isa = PBXBuildFile; fileRef = 1D4C9E77F57AC96D4DF41E90 /* Transition3D.metal */; };
		1D4C99C1B70D1F4A4FA388DD /* TransitionSplit.metal in Sources */ = {isa = PBXBuildFile; fileRef = 1D4C9557143739ADF15FAC5B /* TransitionSplit.metal */; };
		1D4C9A100F0431B86209192D /* Model.swift in Sources */ = {isa = PBXBuildFile; fileRef = 1D4C90AFDFD0A0C9AF61A890 /* Model.swift */; };
		1D4C9B1A3DD69A47E26FEA24 /* UIImageExtension.swift in Sources */ = {isa = PBXBuildFile; fileRef = 1D4C98834EEA45D4D17193E1 /* UIImageExtension.swift */; };
		1D4C9B450669E92810CDEEF9 /* ListView1.swift in Sources */ = {isa = PBXBuildFile; fileRef = 1D4C945E49C103AE50CD379A /* ListView1.swift */; };
		1D4C9C5EC14BBBFA0AD7D4DE /* ListView2.swift in Sources */ = {isa = PBXBuildFile; fileRef = 1D4C9E6CD1D88B877EAAFA4F /* ListView2.swift */; };
		1D4C9CD3AD89045B06C4B11A /* SimpleTextureView.swift in Sources */ = {isa = PBXBuildFile; fileRef = 1D4C91E69A410FF56F171292 /* SimpleTextureView.swift */; };
		1D4C9DE17AA469D693B37C03 /* SimpleShaderRender.metal in Sources */ = {isa = PBXBuildFile; fileRef = 1D4C928DA5B5C8DAA3CD991F /* SimpleShaderRender.metal */; };
		1D4C9E838242420EA2FF84F6 /* TransitionSimple.metal in Sources */ = {isa = PBXBuildFile; fileRef = 1D4C999DE1F47806FAE66951 /* TransitionSimple.metal */; };
		8A0C73FB2946E281000A7ADB /* MetalTestApp.swift in Sources */ = {isa = PBXBuildFile; fileRef = 8A0C73FA2946E281000A7ADB /* MetalTestApp.swift */; };
		8A0C73FD2946E281000A7ADB /* HomeView.swift in Sources */ = {isa = PBXBuildFile; fileRef = 8A0C73FC2946E281000A7ADB /* HomeView.swift */; };
		8A0C73FF2946E282000A7ADB /* Assets.xcassets in Resources */ = {isa = PBXBuildFile; fileRef = 8A0C73FE2946E282000A7ADB /* Assets.xcassets */; };
		8A1C4BD0294ED14E00DA5884 /* ShapeStyleView.swift in Sources */ = {isa = PBXBuildFile; fileRef = 8A1C4BCF294ED14E00DA5884 /* ShapeStyleView.swift */; };
		8A1C4BDE2950817500DA5884 /* Preview Assets.xcassets in Resources */ = {isa = PBXBuildFile; fileRef = 8A0C74012946E282000A7ADB /* Preview Assets.xcassets */; };
		8AC41C462949521C00C5E98B /* WWDC22View.swift in Sources */ = {isa = PBXBuildFile; fileRef = 8AC41C452949521C00C5E98B /* WWDC22View.swift */; };
		8AC41C4F294AA4D000C5E98B /* VLineShape.swift in Sources */ = {isa = PBXBuildFile; fileRef = 8AC41C4B294AA4D000C5E98B /* VLineShape.swift */; };
		8AF9B22A294AA7FF00B03C14 /* KirbyRepository.swift in Sources */ = {isa = PBXBuildFile; fileRef = 8AF9B227294AA7FF00B03C14 /* KirbyRepository.swift */; };
		8AF9B22B294AA7FF00B03C14 /* KirbyView.swift in Sources */ = {isa = PBXBuildFile; fileRef = 8AF9B228294AA7FF00B03C14 /* KirbyView.swift */; };
		8AF9B22C294AA7FF00B03C14 /* KirbyCharaView.swift in Sources */ = {isa = PBXBuildFile; fileRef = 8AF9B229294AA7FF00B03C14 /* KirbyCharaView.swift */; };
/* End PBXBuildFile section */

/* Begin PBXFileReference section */
		1D4C90AFDFD0A0C9AF61A890 /* Model.swift */ = {isa = PBXFileReference; fileEncoding = 4; lastKnownFileType = sourcecode.swift; path = Model.swift; sourceTree = "<group>"; };
		1D4C91E69A410FF56F171292 /* SimpleTextureView.swift */ = {isa = PBXFileReference; fileEncoding = 4; lastKnownFileType = sourcecode.swift; path = SimpleTextureView.swift; sourceTree = "<group>"; };
		1D4C926FB2CA9DD413C52D19 /* TransitionCamera.metal */ = {isa = PBXFileReference; fileEncoding = 4; lastKnownFileType = sourcecode.metal; path = TransitionCamera.metal; sourceTree = "<group>"; };
		1D4C928DA5B5C8DAA3CD991F /* SimpleShaderRender.metal */ = {isa = PBXFileReference; fileEncoding = 4; lastKnownFileType = sourcecode.metal; path = SimpleShaderRender.metal; sourceTree = "<group>"; };
		1D4C93DBDCCFD497F0C6F9C1 /* TextureRender.metal */ = {isa = PBXFileReference; fileEncoding = 4; lastKnownFileType = sourcecode.metal; path = TextureRender.metal; sourceTree = "<group>"; };
		1D4C9413D93A868CD09D1ECC /* TransitionGL.metal */ = {isa = PBXFileReference; fileEncoding = 4; lastKnownFileType = sourcecode.metal; path = TransitionGL.metal; sourceTree = "<group>"; };
		1D4C945E49C103AE50CD379A /* ListView1.swift */ = {isa = PBXFileReference; fileEncoding = 4; lastKnownFileType = sourcecode.swift; path = ListView1.swift; sourceTree = "<group>"; };
		1D4C9557143739ADF15FAC5B /* TransitionSplit.metal */ = {isa = PBXFileReference; fileEncoding = 4; lastKnownFileType = sourcecode.metal; path = TransitionSplit.metal; sourceTree = "<group>"; };
		1D4C95C6B500A9F527814403 /* TextureManager.swift */ = {isa = PBXFileReference; fileEncoding = 4; lastKnownFileType = sourcecode.swift; path = TextureManager.swift; sourceTree = "<group>"; };
		1D4C98834EEA45D4D17193E1 /* UIImageExtension.swift */ = {isa = PBXFileReference; fileEncoding = 4; lastKnownFileType = sourcecode.swift; path = UIImageExtension.swift; sourceTree = "<group>"; };
		1D4C999DE1F47806FAE66951 /* TransitionSimple.metal */ = {isa = PBXFileReference; fileEncoding = 4; lastKnownFileType = sourcecode.metal; path = TransitionSimple.metal; sourceTree = "<group>"; };
		1D4C9AE60696AA5C009595D5 /* Model.metal */ = {isa = PBXFileReference; fileEncoding = 4; lastKnownFileType = sourcecode.metal; path = Model.metal; sourceTree = "<group>"; };
		1D4C9D85B182C39043B985C4 /* SimpleMetalView.swift */ = {isa = PBXFileReference; fileEncoding = 4; lastKnownFileType = sourcecode.swift; path = SimpleMetalView.swift; sourceTree = "<group>"; };
		1D4C9DB6B811F4C76B49C29F /* TransitionMask.metal */ = {isa = PBXFileReference; fileEncoding = 4; lastKnownFileType = sourcecode.metal; path = TransitionMask.metal; sourceTree = "<group>"; };
		1D4C9E6A97DEB7B20756D244 /* MetalTextureView.swift */ = {isa = PBXFileReference; fileEncoding = 4; lastKnownFileType = sourcecode.swift; path = MetalTextureView.swift; sourceTree = "<group>"; };
		1D4C9E6CD1D88B877EAAFA4F /* ListView2.swift */ = {isa = PBXFileReference; fileEncoding = 4; lastKnownFileType = sourcecode.swift; path = ListView2.swift; sourceTree = "<group>"; };
		1D4C9E77F57AC96D4DF41E90 /* Transition3D.metal */ = {isa = PBXFileReference; fileEncoding = 4; lastKnownFileType = sourcecode.metal; path = Transition3D.metal; sourceTree = "<group>"; };
		1D4C9F75DF318974A77FD3E2 /* MetalMapView.swift */ = {isa = PBXFileReference; fileEncoding = 4; lastKnownFileType = sourcecode.swift; path = MetalMapView.swift; sourceTree = "<group>"; };
		8A0C73F72946E281000A7ADB /* MetalTest.app */ = {isa = PBXFileReference; explicitFileType = wrapper.application; includeInIndex = 0; path = MetalTest.app; sourceTree = BUILT_PRODUCTS_DIR; };
		8A0C73FA2946E281000A7ADB /* MetalTestApp.swift */ = {isa = PBXFileReference; lastKnownFileType = sourcecode.swift; path = MetalTestApp.swift; sourceTree = "<group>"; };
		8A0C73FC2946E281000A7ADB /* HomeView.swift */ = {isa = PBXFileReference; lastKnownFileType = sourcecode.swift; path = HomeView.swift; sourceTree = "<group>"; };
		8A0C73FE2946E282000A7ADB /* Assets.xcassets */ = {isa = PBXFileReference; lastKnownFileType = folder.assetcatalog; path = Assets.xcassets; sourceTree = "<group>"; };
		8A0C74012946E282000A7ADB /* Preview Assets.xcassets */ = {isa = PBXFileReference; lastKnownFileType = folder.assetcatalog; path = "Preview Assets.xcassets"; sourceTree = "<group>"; };
		8A1C4BCF294ED14E00DA5884 /* ShapeStyleView.swift */ = {isa = PBXFileReference; lastKnownFileType = sourcecode.swift; path = ShapeStyleView.swift; sourceTree = "<group>"; };
		8AC41C452949521C00C5E98B /* WWDC22View.swift */ = {isa = PBXFileReference; fileEncoding = 4; lastKnownFileType = sourcecode.swift; path = WWDC22View.swift; sourceTree = "<group>"; };
		8AC41C4B294AA4D000C5E98B /* VLineShape.swift */ = {isa = PBXFileReference; lastKnownFileType = sourcecode.swift; path = VLineShape.swift; sourceTree = "<group>"; };
		8AF9B227294AA7FF00B03C14 /* KirbyRepository.swift */ = {isa = PBXFileReference; fileEncoding = 4; lastKnownFileType = sourcecode.swift; path = KirbyRepository.swift; sourceTree = "<group>"; };
		8AF9B228294AA7FF00B03C14 /* KirbyView.swift */ = {isa = PBXFileReference; fileEncoding = 4; lastKnownFileType = sourcecode.swift; path = KirbyView.swift; sourceTree = "<group>"; };
		8AF9B229294AA7FF00B03C14 /* KirbyCharaView.swift */ = {isa = PBXFileReference; fileEncoding = 4; lastKnownFileType = sourcecode.swift; path = KirbyCharaView.swift; sourceTree = "<group>"; };
/* End PBXFileReference section */

/* Begin PBXFrameworksBuildPhase section */
		8A0C73F42946E281000A7ADB /* Frameworks */ = {
			isa = PBXFrameworksBuildPhase;
			buildActionMask = 2147483647;
			files = (
			);
			runOnlyForDeploymentPostprocessing = 0;
		};
/* End PBXFrameworksBuildPhase section */

/* Begin PBXGroup section */
		1D4C95488AC3E3A22275A042 /* Util */ = {
			isa = PBXGroup;
			children = (
				1D4C95C6B500A9F527814403 /* TextureManager.swift */,
				1D4C98834EEA45D4D17193E1 /* UIImageExtension.swift */,
			);
			path = Util;
			sourceTree = "<group>";
		};
		1D4C966B36925631F3DC3A01 /* ListView */ = {
			isa = PBXGroup;
			children = (
				1D4C9E6CD1D88B877EAAFA4F /* ListView2.swift */,
				1D4C945E49C103AE50CD379A /* ListView1.swift */,
			);
			path = ListView;
			sourceTree = "<group>";
		};
		1D4C96E72EA54463A52F886E /* Shader */ = {
			isa = PBXGroup;
			children = (
				8AFA0E8D297C37E200CCDF90 /* Transition */,
				1D4C928DA5B5C8DAA3CD991F /* SimpleShaderRender.metal */,
				1D4C93DBDCCFD497F0C6F9C1 /* TextureRender.metal */,
			);
			path = Shader;
			sourceTree = "<group>";
		};
		1D4C9844D25C377A5C234FBF /* UIKIT */ = {
			isa = PBXGroup;
			children = (
			);
			path = UIKIT;
			sourceTree = "<group>";
		};
		1D4C9BA5A60EBB88D95AAAB2 /* TurboCollage */ = {
			isa = PBXGroup;
			children = (
				1D4C90AFDFD0A0C9AF61A890 /* Model.swift */,
			);
			path = TurboCollage;
			sourceTree = "<group>";
		};
		8A0C73EE2946E281000A7ADB = {
			isa = PBXGroup;
			children = (
				8A0C73F92946E281000A7ADB /* MetalTest */,
				8A0C73F82946E281000A7ADB /* Products */,
			);
			sourceTree = "<group>";
		};
		8A0C73F82946E281000A7ADB /* Products */ = {
			isa = PBXGroup;
			children = (
				8A0C73F72946E281000A7ADB /* MetalTest.app */,
			);
			name = Products;
			sourceTree = "<group>";
		};
		8A0C73F92946E281000A7ADB /* MetalTest */ = {
			isa = PBXGroup;
			children = (
				8A0C74002946E282000A7ADB /* Preview Content */,
				8AC41C432949516600C5E98B /* SWIFTUI */,
				8AC41C44294951CD00C5E98B /* System */,
				1D4C9844D25C377A5C234FBF /* UIKIT */,
			);
			path = MetalTest;
			sourceTree = "<group>";
		};
		8A0C74002946E282000A7ADB /* Preview Content */ = {
			isa = PBXGroup;
			children = (
				8A0C74012946E282000A7ADB /* Preview Assets.xcassets */,
			);
			path = "Preview Content";
			sourceTree = "<group>";
		};
		8A1359CD2971345400C3257F /* Metal */ = {
			isa = PBXGroup;
			children = (
				1D4C9F75DF318974A77FD3E2 /* MetalMapView.swift */,
				1D4C96E72EA54463A52F886E /* Shader */,
				1D4C9E6A97DEB7B20756D244 /* MetalTextureView.swift */,
				1D4C95488AC3E3A22275A042 /* Util */,
			);
			path = Metal;
			sourceTree = "<group>";
		};
		8AC41C432949516600C5E98B /* SWIFTUI */ = {
			isa = PBXGroup;
			children = (
				8A1359CD2971345400C3257F /* Metal */,
				8A0C73FC2946E281000A7ADB /* HomeView.swift */,
				8A1C4BCF294ED14E00DA5884 /* ShapeStyleView.swift */,
				8AF9B22D294AA9D200B03C14 /* Kirby */,
				8AC41C482949530700C5E98B /* WWDC */,
				1D4C966B36925631F3DC3A01 /* ListView */,
				1D4C9BA5A60EBB88D95AAAB2 /* TurboCollage */,
				1D4C9D85B182C39043B985C4 /* SimpleMetalView.swift */,
				1D4C91E69A410FF56F171292 /* SimpleTextureView.swift */,
			);
			path = SWIFTUI;
			sourceTree = "<group>";
		};
		8AC41C44294951CD00C5E98B /* System */ = {
			isa = PBXGroup;
			children = (
				8A0C73FE2946E282000A7ADB /* Assets.xcassets */,
				8A0C73FA2946E281000A7ADB /* MetalTestApp.swift */,
			);
			path = System;
			sourceTree = "<group>";
		};
		8AC41C482949530700C5E98B /* WWDC */ = {
			isa = PBXGroup;
			children = (
				8AC41C452949521C00C5E98B /* WWDC22View.swift */,
			);
			path = WWDC;
			sourceTree = "<group>";
		};
		8AF9B22D294AA9D200B03C14 /* Kirby */ = {
			isa = PBXGroup;
			children = (
				8AC41C4B294AA4D000C5E98B /* VLineShape.swift */,
				8AF9B229294AA7FF00B03C14 /* KirbyCharaView.swift */,
				8AF9B227294AA7FF00B03C14 /* KirbyRepository.swift */,
				8AF9B228294AA7FF00B03C14 /* KirbyView.swift */,
			);
			path = Kirby;
			sourceTree = "<group>";
		};
		8AFA0E8D297C37E200CCDF90 /* Transition */ = {
			isa = PBXGroup;
			children = (
				1D4C999DE1F47806FAE66951 /* TransitionSimple.metal */,
				1D4C9AE60696AA5C009595D5 /* Model.metal */,
				1D4C9557143739ADF15FAC5B /* TransitionSplit.metal */,
				1D4C9E77F57AC96D4DF41E90 /* Transition3D.metal */,
				1D4C926FB2CA9DD413C52D19 /* TransitionCamera.metal */,
				1D4C9DB6B811F4C76B49C29F /* TransitionMask.metal */,
				1D4C9413D93A868CD09D1ECC /* TransitionGL.metal */,
			);
			path = Transition;
			sourceTree = "<group>";
		};
/* End PBXGroup section */

/* Begin PBXNativeTarget section */
		8A0C73F62946E281000A7ADB /* MetalTest */ = {
			isa = PBXNativeTarget;
			buildConfigurationList = 8A0C74052946E282000A7ADB /* Build configuration list for PBXNativeTarget "MetalTest" */;
			buildPhases = (
				8A0C73F32946E281000A7ADB /* Sources */,
				8A0C73F42946E281000A7ADB /* Frameworks */,
				8A0C73F52946E281000A7ADB /* Resources */,
			);
			buildRules = (
			);
			dependencies = (
			);
			name = MetalTest;
			productName = MetalTest;
			productReference = 8A0C73F72946E281000A7ADB /* MetalTest.app */;
			productType = "com.apple.product-type.application";
		};
/* End PBXNativeTarget section */

/* Begin PBXProject section */
		8A0C73EF2946E281000A7ADB /* Project object */ = {
			isa = PBXProject;
			attributes = {
				BuildIndependentTargetsInParallel = 1;
				LastSwiftUpdateCheck = 1410;
				LastUpgradeCheck = 1410;
				TargetAttributes = {
					8A0C73F62946E281000A7ADB = {
						CreatedOnToolsVersion = 14.1;
					};
				};
			};
			buildConfigurationList = 8A0C73F22946E281000A7ADB /* Build configuration list for PBXProject "MetalTest" */;
			compatibilityVersion = "Xcode 14.0";
			developmentRegion = en;
			hasScannedForEncodings = 0;
			knownRegions = (
				en,
				Base,
			);
			mainGroup = 8A0C73EE2946E281000A7ADB;
			productRefGroup = 8A0C73F82946E281000A7ADB /* Products */;
			projectDirPath = "";
			projectRoot = "";
			targets = (
				8A0C73F62946E281000A7ADB /* MetalTest */,
			);
		};
/* End PBXProject section */

/* Begin PBXResourcesBuildPhase section */
		8A0C73F52946E281000A7ADB /* Resources */ = {
			isa = PBXResourcesBuildPhase;
			buildActionMask = 2147483647;
			files = (
				8A1C4BDE2950817500DA5884 /* Preview Assets.xcassets in Resources */,
				8A0C73FF2946E282000A7ADB /* Assets.xcassets in Resources */,
			);
			runOnlyForDeploymentPostprocessing = 0;
		};
/* End PBXResourcesBuildPhase section */

/* Begin PBXSourcesBuildPhase section */
		8A0C73F32946E281000A7ADB /* Sources */ = {
			isa = PBXSourcesBuildPhase;
			buildActionMask = 2147483647;
			files = (
				8A0C73FD2946E281000A7ADB /* HomeView.swift in Sources */,
				8AF9B22A294AA7FF00B03C14 /* KirbyRepository.swift in Sources */,
				8AF9B22B294AA7FF00B03C14 /* KirbyView.swift in Sources */,
				8A0C73FB2946E281000A7ADB /* MetalTestApp.swift in Sources */,
				8A1C4BD0294ED14E00DA5884 /* ShapeStyleView.swift in Sources */,
				8AC41C4F294AA4D000C5E98B /* VLineShape.swift in Sources */,
				8AC41C462949521C00C5E98B /* WWDC22View.swift in Sources */,
				8AF9B22C294AA7FF00B03C14 /* KirbyCharaView.swift in Sources */,
				1D4C9C5EC14BBBFA0AD7D4DE /* ListView2.swift in Sources */,
				1D4C9B450669E92810CDEEF9 /* ListView1.swift in Sources */,
				1D4C9A100F0431B86209192D /* Model.swift in Sources */,
				1D4C92D1B9BB82CE4D811F29 /* SimpleMetalView.swift in Sources */,
				1D4C9294C5DE14808E2C9990 /* MetalMapView.swift in Sources */,
				1D4C9DE17AA469D693B37C03 /* SimpleShaderRender.metal in Sources */,
				1D4C9741AF01D714DAC06499 /* MetalTextureView.swift in Sources */,
				1D4C922E12A3224C00B138F1 /* TextureRender.metal in Sources */,
				1D4C9CD3AD89045B06C4B11A /* SimpleTextureView.swift in Sources */,
				1D4C9703A4407D2EB06D5549 /* TextureManager.swift in Sources */,
				1D4C9B1A3DD69A47E26FEA24 /* UIImageExtension.swift in Sources */,
				1D4C9E838242420EA2FF84F6 /* TransitionSimple.metal in Sources */,
				1D4C986DF703F35E56E98FE6 /* Model.metal in Sources */,
				1D4C99C1B70D1F4A4FA388DD /* TransitionSplit.metal in Sources */,
				1D4C98D6601100321D70850D /* Transition3D.metal in Sources */,
				1D4C96A6B352E06499982795 /* TransitionCamera.metal in Sources */,
				1D4C91C7931D0B9A8A2947B7 /* TransitionMask.metal in Sources */,
				1D4C979F985BF4FCD7072A44 /* TransitionGL.metal in Sources */,
			);
			runOnlyForDeploymentPostprocessing = 0;
		};
/* End PBXSourcesBuildPhase section */

/* Begin XCBuildConfiguration section */
		8A0C74032946E282000A7ADB /* Debug */ = {
			isa = XCBuildConfiguration;
			buildSettings = {
				ALWAYS_SEARCH_USER_PATHS = NO;
				CLANG_ANALYZER_NONNULL = YES;
				CLANG_ANALYZER_NUMBER_OBJECT_CONVERSION = YES_AGGRESSIVE;
				CLANG_CXX_LANGUAGE_STANDARD = "gnu++20";
				CLANG_ENABLE_MODULES = YES;
				CLANG_ENABLE_OBJC_ARC = YES;
				CLANG_ENABLE_OBJC_WEAK = YES;
				CLANG_WARN_BLOCK_CAPTURE_AUTORELEASING = YES;
				CLANG_WARN_BOOL_CONVERSION = YES;
				CLANG_WARN_COMMA = YES;
				CLANG_WARN_CONSTANT_CONVERSION = YES;
				CLANG_WARN_DEPRECATED_OBJC_IMPLEMENTATIONS = YES;
				CLANG_WARN_DIRECT_OBJC_ISA_USAGE = YES_ERROR;
				CLANG_WARN_DOCUMENTATION_COMMENTS = YES;
				CLANG_WARN_EMPTY_BODY = YES;
				CLANG_WARN_ENUM_CONVERSION = YES;
				CLANG_WARN_INFINITE_RECURSION = YES;
				CLANG_WARN_INT_CONVERSION = YES;
				CLANG_WARN_NON_LITERAL_NULL_CONVERSION = YES;
				CLANG_WARN_OBJC_IMPLICIT_RETAIN_SELF = YES;
				CLANG_WARN_OBJC_LITERAL_CONVERSION = YES;
				CLANG_WARN_OBJC_ROOT_CLASS = YES_ERROR;
				CLANG_WARN_QUOTED_INCLUDE_IN_FRAMEWORK_HEADER = YES;
				CLANG_WARN_RANGE_LOOP_ANALYSIS = YES;
				CLANG_WARN_STRICT_PROTOTYPES = YES;
				CLANG_WARN_SUSPICIOUS_MOVE = YES;
				CLANG_WARN_UNGUARDED_AVAILABILITY = YES_AGGRESSIVE;
				CLANG_WARN_UNREACHABLE_CODE = YES;
				CLANG_WARN__DUPLICATE_METHOD_MATCH = YES;
				COPY_PHASE_STRIP = NO;
				DEBUG_INFORMATION_FORMAT = dwarf;
				ENABLE_STRICT_OBJC_MSGSEND = YES;
				ENABLE_TESTABILITY = YES;
				GCC_C_LANGUAGE_STANDARD = gnu11;
				GCC_DYNAMIC_NO_PIC = NO;
				GCC_NO_COMMON_BLOCKS = YES;
				GCC_OPTIMIZATION_LEVEL = 0;
				GCC_PREPROCESSOR_DEFINITIONS = (
					"DEBUG=1",
					"$(inherited)",
				);
				GCC_WARN_64_TO_32_BIT_CONVERSION = YES;
				GCC_WARN_ABOUT_RETURN_TYPE = YES_ERROR;
				GCC_WARN_UNDECLARED_SELECTOR = YES;
				GCC_WARN_UNINITIALIZED_AUTOS = YES_AGGRESSIVE;
				GCC_WARN_UNUSED_FUNCTION = YES;
				GCC_WARN_UNUSED_VARIABLE = YES;
				IPHONEOS_DEPLOYMENT_TARGET = 16.1;
				MTL_ENABLE_DEBUG_INFO = INCLUDE_SOURCE;
				MTL_FAST_MATH = YES;
				ONLY_ACTIVE_ARCH = YES;
				SDKROOT = iphoneos;
				SWIFT_ACTIVE_COMPILATION_CONDITIONS = DEBUG;
				SWIFT_OPTIMIZATION_LEVEL = "-Onone";
			};
			name = Debug;
		};
		8A0C74042946E282000A7ADB /* Release */ = {
			isa = XCBuildConfiguration;
			buildSettings = {
				ALWAYS_SEARCH_USER_PATHS = NO;
				CLANG_ANALYZER_NONNULL = YES;
				CLANG_ANALYZER_NUMBER_OBJECT_CONVERSION = YES_AGGRESSIVE;
				CLANG_CXX_LANGUAGE_STANDARD = "gnu++20";
				CLANG_ENABLE_MODULES = YES;
				CLANG_ENABLE_OBJC_ARC = YES;
				CLANG_ENABLE_OBJC_WEAK = YES;
				CLANG_WARN_BLOCK_CAPTURE_AUTORELEASING = YES;
				CLANG_WARN_BOOL_CONVERSION = YES;
				CLANG_WARN_COMMA = YES;
				CLANG_WARN_CONSTANT_CONVERSION = YES;
				CLANG_WARN_DEPRECATED_OBJC_IMPLEMENTATIONS = YES;
				CLANG_WARN_DIRECT_OBJC_ISA_USAGE = YES_ERROR;
				CLANG_WARN_DOCUMENTATION_COMMENTS = YES;
				CLANG_WARN_EMPTY_BODY = YES;
				CLANG_WARN_ENUM_CONVERSION = YES;
				CLANG_WARN_INFINITE_RECURSION = YES;
				CLANG_WARN_INT_CONVERSION = YES;
				CLANG_WARN_NON_LITERAL_NULL_CONVERSION = YES;
				CLANG_WARN_OBJC_IMPLICIT_RETAIN_SELF = YES;
				CLANG_WARN_OBJC_LITERAL_CONVERSION = YES;
				CLANG_WARN_OBJC_ROOT_CLASS = YES_ERROR;
				CLANG_WARN_QUOTED_INCLUDE_IN_FRAMEWORK_HEADER = YES;
				CLANG_WARN_RANGE_LOOP_ANALYSIS = YES;
				CLANG_WARN_STRICT_PROTOTYPES = YES;
				CLANG_WARN_SUSPICIOUS_MOVE = YES;
				CLANG_WARN_UNGUARDED_AVAILABILITY = YES_AGGRESSIVE;
				CLANG_WARN_UNREACHABLE_CODE = YES;
				CLANG_WARN__DUPLICATE_METHOD_MATCH = YES;
				COPY_PHASE_STRIP = NO;
				DEBUG_INFORMATION_FORMAT = "dwarf-with-dsym";
				ENABLE_NS_ASSERTIONS = NO;
				ENABLE_STRICT_OBJC_MSGSEND = YES;
				GCC_C_LANGUAGE_STANDARD = gnu11;
				GCC_NO_COMMON_BLOCKS = YES;
				GCC_WARN_64_TO_32_BIT_CONVERSION = YES;
				GCC_WARN_ABOUT_RETURN_TYPE = YES_ERROR;
				GCC_WARN_UNDECLARED_SELECTOR = YES;
				GCC_WARN_UNINITIALIZED_AUTOS = YES_AGGRESSIVE;
				GCC_WARN_UNUSED_FUNCTION = YES;
				GCC_WARN_UNUSED_VARIABLE = YES;
				IPHONEOS_DEPLOYMENT_TARGET = 16.1;
				MTL_ENABLE_DEBUG_INFO = NO;
				MTL_FAST_MATH = YES;
				SDKROOT = iphoneos;
				SWIFT_COMPILATION_MODE = wholemodule;
				SWIFT_OPTIMIZATION_LEVEL = "-O";
				VALIDATE_PRODUCT = YES;
			};
			name = Release;
		};
		8A0C74062946E282000A7ADB /* Debug */ = {
			isa = XCBuildConfiguration;
			buildSettings = {
				ASSETCATALOG_COMPILER_APPICON_NAME = AppIcon;
				ASSETCATALOG_COMPILER_GLOBAL_ACCENT_COLOR_NAME = AccentColor;
				CODE_SIGN_STYLE = Automatic;
				CURRENT_PROJECT_VERSION = 1;
				DEVELOPMENT_ASSET_PATHS = "\"MetalTest/Preview Content\"";
				DEVELOPMENT_TEAM = 68LDDARFYB;
				ENABLE_PREVIEWS = YES;
				GENERATE_INFOPLIST_FILE = YES;
				INFOPLIST_KEY_UIApplicationSceneManifest_Generation = YES;
				INFOPLIST_KEY_UIApplicationSupportsIndirectInputEvents = YES;
				INFOPLIST_KEY_UILaunchScreen_Generation = YES;
				INFOPLIST_KEY_UISupportedInterfaceOrientations_iPad = "UIInterfaceOrientationPortrait UIInterfaceOrientationPortraitUpsideDown UIInterfaceOrientationLandscapeLeft UIInterfaceOrientationLandscapeRight";
				INFOPLIST_KEY_UISupportedInterfaceOrientations_iPhone = "UIInterfaceOrientationPortrait UIInterfaceOrientationLandscapeLeft UIInterfaceOrientationLandscapeRight";
				IPHONEOS_DEPLOYMENT_TARGET = 15.0;
				LD_RUNPATH_SEARCH_PATHS = (
					"$(inherited)",
					"@executable_path/Frameworks",
				);
				MARKETING_VERSION = 1.0;
				PRODUCT_BUNDLE_IDENTIFIER = com.yuedev.MetalTest;
				PRODUCT_NAME = "$(TARGET_NAME)";
				SWIFT_EMIT_LOC_STRINGS = YES;
				SWIFT_VERSION = 5.0;
				TARGETED_DEVICE_FAMILY = "1,2";
			};
			name = Debug;
		};
		8A0C74072946E282000A7ADB /* Release */ = {
			isa = XCBuildConfiguration;
			buildSettings = {
				ASSETCATALOG_COMPILER_APPICON_NAME = AppIcon;
				ASSETCATALOG_COMPILER_GLOBAL_ACCENT_COLOR_NAME = AccentColor;
				CODE_SIGN_STYLE = Automatic;
				CURRENT_PROJECT_VERSION = 1;
				DEVELOPMENT_ASSET_PATHS = "\"MetalTest/Preview Content\"";
				DEVELOPMENT_TEAM = 68LDDARFYB;
				ENABLE_PREVIEWS = YES;
				GENERATE_INFOPLIST_FILE = YES;
				INFOPLIST_KEY_UIApplicationSceneManifest_Generation = YES;
				INFOPLIST_KEY_UIApplicationSupportsIndirectInputEvents = YES;
				INFOPLIST_KEY_UILaunchScreen_Generation = YES;
				INFOPLIST_KEY_UISupportedInterfaceOrientations_iPad = "UIInterfaceOrientationPortrait UIInterfaceOrientationPortraitUpsideDown UIInterfaceOrientationLandscapeLeft UIInterfaceOrientationLandscapeRight";
				INFOPLIST_KEY_UISupportedInterfaceOrientations_iPhone = "UIInterfaceOrientationPortrait UIInterfaceOrientationLandscapeLeft UIInterfaceOrientationLandscapeRight";
				IPHONEOS_DEPLOYMENT_TARGET = 15.0;
				LD_RUNPATH_SEARCH_PATHS = (
					"$(inherited)",
					"@executable_path/Frameworks",
				);
				MARKETING_VERSION = 1.0;
				PRODUCT_BUNDLE_IDENTIFIER = com.yuedev.MetalTest;
				PRODUCT_NAME = "$(TARGET_NAME)";
				SWIFT_EMIT_LOC_STRINGS = YES;
				SWIFT_VERSION = 5.0;
				TARGETED_DEVICE_FAMILY = "1,2";
			};
			name = Release;
		};
/* End XCBuildConfiguration section */

/* Begin XCConfigurationList section */
		8A0C73F22946E281000A7ADB /* Build configuration list for PBXProject "MetalTest" */ = {
			isa = XCConfigurationList;
			buildConfigurations = (
				8A0C74032946E282000A7ADB /* Debug */,
				8A0C74042946E282000A7ADB /* Release */,
			);
			defaultConfigurationIsVisible = 0;
			defaultConfigurationName = Release;
		};
		8A0C74052946E282000A7ADB /* Build configuration list for PBXNativeTarget "MetalTest" */ = {
			isa = XCConfigurationList;
			buildConfigurations = (
				8A0C74062946E282000A7ADB /* Debug */,
				8A0C74072946E282000A7ADB /* Release */,
			);
			defaultConfigurationIsVisible = 0;
			defaultConfigurationName = Release;
		};
/* End XCConfigurationList section */
	};
	rootObject = 8A0C73EF2946E281000A7ADB /* Project object */;
}
